// !$*UTF8*$!
{
	archiveVersion = 1;
	classes = {
	};
	objectVersion = 46;
	objects = {

/* Begin PBXBuildFile section */
		F67376C81DCF13600047FE55 /* AppDelegate.swift in Sources */ = {isa = PBXBuildFile; fileRef = F67376C71DCF13600047FE55 /* AppDelegate.swift */; };
		F67376CA1DCF13600047FE55 /* GameScene.sks in Resources */ = {isa = PBXBuildFile; fileRef = F67376C91DCF13600047FE55 /* GameScene.sks */; };
		F67376CE1DCF13600047FE55 /* GameScene.swift in Sources */ = {isa = PBXBuildFile; fileRef = F67376CD1DCF13600047FE55 /* GameScene.swift */; };
		F67376D01DCF13600047FE55 /* GameViewController.swift in Sources */ = {isa = PBXBuildFile; fileRef = F67376CF1DCF13600047FE55 /* GameViewController.swift */; };
		F67376D31DCF13600047FE55 /* Main.storyboard in Resources */ = {isa = PBXBuildFile; fileRef = F67376D11DCF13600047FE55 /* Main.storyboard */; };
		F67376D51DCF13600047FE55 /* Assets.xcassets in Resources */ = {isa = PBXBuildFile; fileRef = F67376D41DCF13600047FE55 /* Assets.xcassets */; };
		F67376D81DCF13600047FE55 /* LaunchScreen.storyboard in Resources */ = {isa = PBXBuildFile; fileRef = F67376D61DCF13600047FE55 /* LaunchScreen.storyboard */; };
		F68E27CE1DD2BA7000B0C4FC /* MultiStateObject.swift in Sources */ = {isa = PBXBuildFile; fileRef = F68E27CD1DD2BA7000B0C4FC /* MultiStateObject.swift */; };
		F68E27D01DD2D22900B0C4FC /* AnimationState.swift in Sources */ = {isa = PBXBuildFile; fileRef = F68E27CF1DD2D22900B0C4FC /* AnimationState.swift */; };
		F68F13221DD01D2F00FD6C78 /* GameplayScene.swift in Sources */ = {isa = PBXBuildFile; fileRef = F68F13211DD01D2F00FD6C78 /* GameplayScene.swift */; };
		F68F13251DD0441600FD6C78 /* TileSet.sks in Resources */ = {isa = PBXBuildFile; fileRef = F68F13231DD0441600FD6C78 /* TileSet.sks */; };
		F68F13261DD0441600FD6C78 /* Assets.xcassets in Resources */ = {isa = PBXBuildFile; fileRef = F68F13241DD0441600FD6C78 /* Assets.xcassets */; };
		F68F132E1DD06A5400FD6C78 /* Characters.xcassets in Resources */ = {isa = PBXBuildFile; fileRef = F68F132D1DD06A5400FD6C78 /* Characters.xcassets */; };
		F68F13321DD06C4600FD6C78 /* HeroActions.sks in Resources */ = {isa = PBXBuildFile; fileRef = F68F13311DD06C4600FD6C78 /* HeroActions.sks */; };
		F69FBC061DD4071F0080BED7 /* MaleZombieActions.sks in Resources */ = {isa = PBXBuildFile; fileRef = F69FBC051DD4071F0080BED7 /* MaleZombieActions.sks */; };
		F69FBC0A1DD40C540080BED7 /* ChestActions.sks in Resources */ = {isa = PBXBuildFile; fileRef = F69FBC091DD40C540080BED7 /* ChestActions.sks */; };
		F69FBC0C1DD40D5E0080BED7 /* chestOpen.caf in Resources */ = {isa = PBXBuildFile; fileRef = F69FBC0B1DD40D5E0080BED7 /* chestOpen.caf */; };
		F69FBC0E1DD427520080BED7 /* Button.swift in Sources */ = {isa = PBXBuildFile; fileRef = F69FBC0D1DD427520080BED7 /* Button.swift */; };
		F69FBC101DD42A880080BED7 /* GameplayScene+Physics.swift in Sources */ = {isa = PBXBuildFile; fileRef = F69FBC0F1DD42A880080BED7 /* GameplayScene+Physics.swift */; };
		F6CA5B8F1DD07FD60099874A /* MobState.swift in Sources */ = {isa = PBXBuildFile; fileRef = F6CA5B8E1DD07FD60099874A /* MobState.swift */; };
		F6D217011DD33E0D002CA9DD /* FemaleZombieActions.sks in Resources */ = {isa = PBXBuildFile; fileRef = F6D217001DD33E0D002CA9DD /* FemaleZombieActions.sks */; };
		F6D8DE901DCFF7D60078EF01 /* CameraConstrain.swift in Sources */ = {isa = PBXBuildFile; fileRef = F6D8DE791DCFF7D60078EF01 /* CameraConstrain.swift */; };
		F6D8DE911DCFF7D60078EF01 /* NodeFollow.swift in Sources */ = {isa = PBXBuildFile; fileRef = F6D8DE7A1DCFF7D60078EF01 /* NodeFollow.swift */; };
		F6D8DE921DCFF7D60078EF01 /* PerimeterFence.swift in Sources */ = {isa = PBXBuildFile; fileRef = F6D8DE7B1DCFF7D60078EF01 /* PerimeterFence.swift */; };
		F6D8DE931DCFF7D60078EF01 /* PlayerMove.swift in Sources */ = {isa = PBXBuildFile; fileRef = F6D8DE7C1DCFF7D60078EF01 /* PlayerMove.swift */; };
		F6D8DE951DCFF7D60078EF01 /* GKEntity+SpriteKit.swift in Sources */ = {isa = PBXBuildFile; fileRef = F6D8DE7F1DCFF7D60078EF01 /* GKEntity+SpriteKit.swift */; };
		F6D8DE961DCFF7D60078EF01 /* Loadable.swift in Sources */ = {isa = PBXBuildFile; fileRef = F6D8DE801DCFF7D60078EF01 /* Loadable.swift */; };
		F6D8DE981DCFF7D60078EF01 /* Touchable.swift in Sources */ = {isa = PBXBuildFile; fileRef = F6D8DE821DCFF7D60078EF01 /* Touchable.swift */; };
		F6D8DE991DCFF7D60078EF01 /* CGFloat+Extensions.swift in Sources */ = {isa = PBXBuildFile; fileRef = F6D8DE841DCFF7D60078EF01 /* CGFloat+Extensions.swift */; };
		F6D8DE9A1DCFF7D60078EF01 /* CGPoint+Extensions.swift in Sources */ = {isa = PBXBuildFile; fileRef = F6D8DE851DCFF7D60078EF01 /* CGPoint+Extensions.swift */; };
		F6D8DE9B1DCFF7D60078EF01 /* CGVector+Extensions.swift in Sources */ = {isa = PBXBuildFile; fileRef = F6D8DE861DCFF7D60078EF01 /* CGVector+Extensions.swift */; };
		F6D8DE9C1DCFF7D60078EF01 /* Int+Extensions.swift in Sources */ = {isa = PBXBuildFile; fileRef = F6D8DE871DCFF7D60078EF01 /* Int+Extensions.swift */; };
		F6D8DE9D1DCFF7D60078EF01 /* SKAction+Extensions.swift in Sources */ = {isa = PBXBuildFile; fileRef = F6D8DE881DCFF7D60078EF01 /* SKAction+Extensions.swift */; };
		F6D8DE9E1DCFF7D60078EF01 /* SKAction+SpecialEffects.swift in Sources */ = {isa = PBXBuildFile; fileRef = F6D8DE891DCFF7D60078EF01 /* SKAction+SpecialEffects.swift */; };
		F6D8DE9F1DCFF7D60078EF01 /* SKColor+Extensions.swift in Sources */ = {isa = PBXBuildFile; fileRef = F6D8DE8A1DCFF7D60078EF01 /* SKColor+Extensions.swift */; };
		F6D8DEA01DCFF7D60078EF01 /* SKNode+Extensions.swift in Sources */ = {isa = PBXBuildFile; fileRef = F6D8DE8B1DCFF7D60078EF01 /* SKNode+Extensions.swift */; };
		F6D8DEA11DCFF7D60078EF01 /* SKTAudio.swift in Sources */ = {isa = PBXBuildFile; fileRef = F6D8DE8C1DCFF7D60078EF01 /* SKTAudio.swift */; };
		F6D8DEA21DCFF7D60078EF01 /* SKTEffects.swift in Sources */ = {isa = PBXBuildFile; fileRef = F6D8DE8D1DCFF7D60078EF01 /* SKTEffects.swift */; };
		F6D8DEA31DCFF7D60078EF01 /* SKTTimingFunctions.swift in Sources */ = {isa = PBXBuildFile; fileRef = F6D8DE8E1DCFF7D60078EF01 /* SKTTimingFunctions.swift */; };
		F6D8DEA41DCFF7D60078EF01 /* Vector3.swift in Sources */ = {isa = PBXBuildFile; fileRef = F6D8DE8F1DCFF7D60078EF01 /* Vector3.swift */; };
		F6FBD8A91DD49C7900BC0DA9 /* Treasure.swift in Sources */ = {isa = PBXBuildFile; fileRef = F6FBD8A81DD49C7900BC0DA9 /* Treasure.swift */; };
		F6FBD8AB1DD49D9600BC0DA9 /* Activatable.swift in Sources */ = {isa = PBXBuildFile; fileRef = F6FBD8AA1DD49D9600BC0DA9 /* Activatable.swift */; };
		F6FBD8AD1DD4A13900BC0DA9 /* Points.swift in Sources */ = {isa = PBXBuildFile; fileRef = F6FBD8AC1DD4A13900BC0DA9 /* Points.swift */; };
		F6FBD8AF1DD4A82D00BC0DA9 /* SeekPlayer.swift in Sources */ = {isa = PBXBuildFile; fileRef = F6FBD8AE1DD4A82D00BC0DA9 /* SeekPlayer.swift */; };
/* End PBXBuildFile section */

/* Begin PBXFileReference section */
		F67376C41DCF13600047FE55 /* SpriteKitVsUnity.app */ = {isa = PBXFileReference; explicitFileType = wrapper.application; includeInIndex = 0; path = SpriteKitVsUnity.app; sourceTree = BUILT_PRODUCTS_DIR; };
		F67376C71DCF13600047FE55 /* AppDelegate.swift */ = {isa = PBXFileReference; lastKnownFileType = sourcecode.swift; path = AppDelegate.swift; sourceTree = "<group>"; };
		F67376C91DCF13600047FE55 /* GameScene.sks */ = {isa = PBXFileReference; lastKnownFileType = file.sks; path = GameScene.sks; sourceTree = "<group>"; };
		F67376CD1DCF13600047FE55 /* GameScene.swift */ = {isa = PBXFileReference; lastKnownFileType = sourcecode.swift; path = GameScene.swift; sourceTree = "<group>"; };
		F67376CF1DCF13600047FE55 /* GameViewController.swift */ = {isa = PBXFileReference; lastKnownFileType = sourcecode.swift; path = GameViewController.swift; sourceTree = "<group>"; };
		F67376D21DCF13600047FE55 /* Base */ = {isa = PBXFileReference; lastKnownFileType = file.storyboard; name = Base; path = Base.lproj/Main.storyboard; sourceTree = "<group>"; };
		F67376D41DCF13600047FE55 /* Assets.xcassets */ = {isa = PBXFileReference; lastKnownFileType = folder.assetcatalog; path = Assets.xcassets; sourceTree = "<group>"; };
		F67376D71DCF13600047FE55 /* Base */ = {isa = PBXFileReference; lastKnownFileType = file.storyboard; name = Base; path = Base.lproj/LaunchScreen.storyboard; sourceTree = "<group>"; };
		F67376D91DCF13600047FE55 /* Info.plist */ = {isa = PBXFileReference; lastKnownFileType = text.plist.xml; path = Info.plist; sourceTree = "<group>"; };
		F68E27CD1DD2BA7000B0C4FC /* MultiStateObject.swift */ = {isa = PBXFileReference; fileEncoding = 4; lastKnownFileType = sourcecode.swift; path = MultiStateObject.swift; sourceTree = "<group>"; };
		F68E27CF1DD2D22900B0C4FC /* AnimationState.swift */ = {isa = PBXFileReference; fileEncoding = 4; lastKnownFileType = sourcecode.swift; name = AnimationState.swift; path = ../Components/AnimationState.swift; sourceTree = "<group>"; };
		F68F13211DD01D2F00FD6C78 /* GameplayScene.swift */ = {isa = PBXFileReference; fileEncoding = 4; lastKnownFileType = sourcecode.swift; path = GameplayScene.swift; sourceTree = "<group>"; };
		F68F13231DD0441600FD6C78 /* TileSet.sks */ = {isa = PBXFileReference; lastKnownFileType = file.sks; path = TileSet.sks; sourceTree = "<group>"; };
		F68F13241DD0441600FD6C78 /* Assets.xcassets */ = {isa = PBXFileReference; lastKnownFileType = folder.assetcatalog; path = Assets.xcassets; sourceTree = "<group>"; };
		F68F132D1DD06A5400FD6C78 /* Characters.xcassets */ = {isa = PBXFileReference; lastKnownFileType = folder.assetcatalog; path = Characters.xcassets; sourceTree = "<group>"; };
		F68F13311DD06C4600FD6C78 /* HeroActions.sks */ = {isa = PBXFileReference; lastKnownFileType = file.sks; path = HeroActions.sks; sourceTree = "<group>"; };
		F69FBC051DD4071F0080BED7 /* MaleZombieActions.sks */ = {isa = PBXFileReference; lastKnownFileType = file.sks; path = MaleZombieActions.sks; sourceTree = "<group>"; };
		F69FBC091DD40C540080BED7 /* ChestActions.sks */ = {isa = PBXFileReference; lastKnownFileType = file.sks; path = ChestActions.sks; sourceTree = "<group>"; };
		F69FBC0B1DD40D5E0080BED7 /* chestOpen.caf */ = {isa = PBXFileReference; lastKnownFileType = file; path = chestOpen.caf; sourceTree = "<group>"; };
		F69FBC0D1DD427520080BED7 /* Button.swift */ = {isa = PBXFileReference; fileEncoding = 4; lastKnownFileType = sourcecode.swift; path = Button.swift; sourceTree = "<group>"; };
		F69FBC0F1DD42A880080BED7 /* GameplayScene+Physics.swift */ = {isa = PBXFileReference; fileEncoding = 4; lastKnownFileType = sourcecode.swift; path = "GameplayScene+Physics.swift"; sourceTree = "<group>"; };
		F6CA5B8E1DD07FD60099874A /* MobState.swift */ = {isa = PBXFileReference; fileEncoding = 4; lastKnownFileType = sourcecode.swift; path = MobState.swift; sourceTree = "<group>"; };
		F6D216FE1DD300C1002CA9DD /* TreasureChest.sks */ = {isa = PBXFileReference; lastKnownFileType = file.sks; path = TreasureChest.sks; sourceTree = "<group>"; };
		F6D217001DD33E0D002CA9DD /* FemaleZombieActions.sks */ = {isa = PBXFileReference; lastKnownFileType = file.sks; path = FemaleZombieActions.sks; sourceTree = "<group>"; };
		F6D8DE791DCFF7D60078EF01 /* CameraConstrain.swift */ = {isa = PBXFileReference; fileEncoding = 4; lastKnownFileType = sourcecode.swift; path = CameraConstrain.swift; sourceTree = "<group>"; };
		F6D8DE7A1DCFF7D60078EF01 /* NodeFollow.swift */ = {isa = PBXFileReference; fileEncoding = 4; lastKnownFileType = sourcecode.swift; path = NodeFollow.swift; sourceTree = "<group>"; };
		F6D8DE7B1DCFF7D60078EF01 /* PerimeterFence.swift */ = {isa = PBXFileReference; fileEncoding = 4; lastKnownFileType = sourcecode.swift; path = PerimeterFence.swift; sourceTree = "<group>"; };
		F6D8DE7C1DCFF7D60078EF01 /* PlayerMove.swift */ = {isa = PBXFileReference; fileEncoding = 4; lastKnownFileType = sourcecode.swift; path = PlayerMove.swift; sourceTree = "<group>"; };
		F6D8DE7F1DCFF7D60078EF01 /* GKEntity+SpriteKit.swift */ = {isa = PBXFileReference; fileEncoding = 4; lastKnownFileType = sourcecode.swift; path = "GKEntity+SpriteKit.swift"; sourceTree = "<group>"; };
		F6D8DE801DCFF7D60078EF01 /* Loadable.swift */ = {isa = PBXFileReference; fileEncoding = 4; lastKnownFileType = sourcecode.swift; path = Loadable.swift; sourceTree = "<group>"; };
		F6D8DE821DCFF7D60078EF01 /* Touchable.swift */ = {isa = PBXFileReference; fileEncoding = 4; lastKnownFileType = sourcecode.swift; path = Touchable.swift; sourceTree = "<group>"; };
		F6D8DE841DCFF7D60078EF01 /* CGFloat+Extensions.swift */ = {isa = PBXFileReference; fileEncoding = 4; lastKnownFileType = sourcecode.swift; path = "CGFloat+Extensions.swift"; sourceTree = "<group>"; };
		F6D8DE851DCFF7D60078EF01 /* CGPoint+Extensions.swift */ = {isa = PBXFileReference; fileEncoding = 4; lastKnownFileType = sourcecode.swift; path = "CGPoint+Extensions.swift"; sourceTree = "<group>"; };
		F6D8DE861DCFF7D60078EF01 /* CGVector+Extensions.swift */ = {isa = PBXFileReference; fileEncoding = 4; lastKnownFileType = sourcecode.swift; path = "CGVector+Extensions.swift"; sourceTree = "<group>"; };
		F6D8DE871DCFF7D60078EF01 /* Int+Extensions.swift */ = {isa = PBXFileReference; fileEncoding = 4; lastKnownFileType = sourcecode.swift; path = "Int+Extensions.swift"; sourceTree = "<group>"; };
		F6D8DE881DCFF7D60078EF01 /* SKAction+Extensions.swift */ = {isa = PBXFileReference; fileEncoding = 4; lastKnownFileType = sourcecode.swift; path = "SKAction+Extensions.swift"; sourceTree = "<group>"; };
		F6D8DE891DCFF7D60078EF01 /* SKAction+SpecialEffects.swift */ = {isa = PBXFileReference; fileEncoding = 4; lastKnownFileType = sourcecode.swift; path = "SKAction+SpecialEffects.swift"; sourceTree = "<group>"; };
		F6D8DE8A1DCFF7D60078EF01 /* SKColor+Extensions.swift */ = {isa = PBXFileReference; fileEncoding = 4; lastKnownFileType = sourcecode.swift; path = "SKColor+Extensions.swift"; sourceTree = "<group>"; };
		F6D8DE8B1DCFF7D60078EF01 /* SKNode+Extensions.swift */ = {isa = PBXFileReference; fileEncoding = 4; lastKnownFileType = sourcecode.swift; path = "SKNode+Extensions.swift"; sourceTree = "<group>"; };
		F6D8DE8C1DCFF7D60078EF01 /* SKTAudio.swift */ = {isa = PBXFileReference; fileEncoding = 4; lastKnownFileType = sourcecode.swift; path = SKTAudio.swift; sourceTree = "<group>"; };
		F6D8DE8D1DCFF7D60078EF01 /* SKTEffects.swift */ = {isa = PBXFileReference; fileEncoding = 4; lastKnownFileType = sourcecode.swift; path = SKTEffects.swift; sourceTree = "<group>"; };
		F6D8DE8E1DCFF7D60078EF01 /* SKTTimingFunctions.swift */ = {isa = PBXFileReference; fileEncoding = 4; lastKnownFileType = sourcecode.swift; path = SKTTimingFunctions.swift; sourceTree = "<group>"; };
		F6D8DE8F1DCFF7D60078EF01 /* Vector3.swift */ = {isa = PBXFileReference; fileEncoding = 4; lastKnownFileType = sourcecode.swift; path = Vector3.swift; sourceTree = "<group>"; };
		F6FBD8A81DD49C7900BC0DA9 /* Treasure.swift */ = {isa = PBXFileReference; fileEncoding = 4; lastKnownFileType = sourcecode.swift; path = Treasure.swift; sourceTree = "<group>"; };
		F6FBD8AA1DD49D9600BC0DA9 /* Activatable.swift */ = {isa = PBXFileReference; fileEncoding = 4; lastKnownFileType = sourcecode.swift; path = Activatable.swift; sourceTree = "<group>"; };
		F6FBD8AC1DD4A13900BC0DA9 /* Points.swift */ = {isa = PBXFileReference; fileEncoding = 4; lastKnownFileType = sourcecode.swift; path = Points.swift; sourceTree = "<group>"; };
		F6FBD8AE1DD4A82D00BC0DA9 /* SeekPlayer.swift */ = {isa = PBXFileReference; fileEncoding = 4; lastKnownFileType = sourcecode.swift; path = SeekPlayer.swift; sourceTree = "<group>"; };
/* End PBXFileReference section */

/* Begin PBXFrameworksBuildPhase section */
		F67376C11DCF13600047FE55 /* Frameworks */ = {
			isa = PBXFrameworksBuildPhase;
			buildActionMask = 2147483647;
			files = (
			);
			runOnlyForDeploymentPostprocessing = 0;
		};
/* End PBXFrameworksBuildPhase section */

/* Begin PBXGroup section */
		F67376BB1DCF13600047FE55 = {
			isa = PBXGroup;
			children = (
				F68F13231DD0441600FD6C78 /* TileSet.sks */,
				F68F13241DD0441600FD6C78 /* Assets.xcassets */,
				F6D8DE781DCFF7D60078EF01 /* Components */,
				F6D8DE7D1DCFF7D60078EF01 /* GKSupport */,
				F6D8DE831DCFF7D60078EF01 /* SKTUtils */,
				F67376C61DCF13600047FE55 /* SpriteKitVsUnity */,
				F67376C51DCF13600047FE55 /* Products */,
			);
			sourceTree = "<group>";
		};
		F67376C51DCF13600047FE55 /* Products */ = {
			isa = PBXGroup;
			children = (
				F67376C41DCF13600047FE55 /* SpriteKitVsUnity.app */,
			);
			name = Products;
			sourceTree = "<group>";
		};
		F67376C61DCF13600047FE55 /* SpriteKitVsUnity */ = {
			isa = PBXGroup;
			children = (
				F67376C71DCF13600047FE55 /* AppDelegate.swift */,
				F67376C91DCF13600047FE55 /* GameScene.sks */,
				F68F13311DD06C4600FD6C78 /* HeroActions.sks */,
				F6D217001DD33E0D002CA9DD /* FemaleZombieActions.sks */,
				F69FBC051DD4071F0080BED7 /* MaleZombieActions.sks */,
				F6D216FE1DD300C1002CA9DD /* TreasureChest.sks */,
				F69FBC0B1DD40D5E0080BED7 /* chestOpen.caf */,
				F69FBC091DD40C540080BED7 /* ChestActions.sks */,
				F67376CD1DCF13600047FE55 /* GameScene.swift */,
				F67376CF1DCF13600047FE55 /* GameViewController.swift */,
				F67376D11DCF13600047FE55 /* Main.storyboard */,
				F67376D41DCF13600047FE55 /* Assets.xcassets */,
				F67376D61DCF13600047FE55 /* LaunchScreen.storyboard */,
				F67376D91DCF13600047FE55 /* Info.plist */,
				F68F132D1DD06A5400FD6C78 /* Characters.xcassets */,
			);
			path = SpriteKitVsUnity;
			sourceTree = "<group>";
		};
		F6D8DE781DCFF7D60078EF01 /* Components */ = {
			isa = PBXGroup;
			children = (
				F6D8DE791DCFF7D60078EF01 /* CameraConstrain.swift */,
				F6D8DE7A1DCFF7D60078EF01 /* NodeFollow.swift */,
				F6D8DE7B1DCFF7D60078EF01 /* PerimeterFence.swift */,
				F6D8DE7C1DCFF7D60078EF01 /* PlayerMove.swift */,
				F6CA5B8E1DD07FD60099874A /* MobState.swift */,
				F68E27CD1DD2BA7000B0C4FC /* MultiStateObject.swift */,
				F69FBC0D1DD427520080BED7 /* Button.swift */,
				F6FBD8A81DD49C7900BC0DA9 /* Treasure.swift */,
				F6FBD8AC1DD4A13900BC0DA9 /* Points.swift */,
				F6FBD8AE1DD4A82D00BC0DA9 /* SeekPlayer.swift */,
			);
			name = Components;
			path = SpriteKitVsUnity/Components;
			sourceTree = "<group>";
		};
		F6D8DE7D1DCFF7D60078EF01 /* GKSupport */ = {
			isa = PBXGroup;
			children = (
				F68E27CF1DD2D22900B0C4FC /* AnimationState.swift */,
				F68F13211DD01D2F00FD6C78 /* GameplayScene.swift */,
				F6D8DE7F1DCFF7D60078EF01 /* GKEntity+SpriteKit.swift */,
				F6D8DE801DCFF7D60078EF01 /* Loadable.swift */,
				F6D8DE821DCFF7D60078EF01 /* Touchable.swift */,
				F69FBC0F1DD42A880080BED7 /* GameplayScene+Physics.swift */,
				F6FBD8AA1DD49D9600BC0DA9 /* Activatable.swift */,
			);
			name = GKSupport;
			path = SpriteKitVsUnity/GKSupport;
			sourceTree = "<group>";
		};
		F6D8DE831DCFF7D60078EF01 /* SKTUtils */ = {
			isa = PBXGroup;
			children = (
				F6D8DE841DCFF7D60078EF01 /* CGFloat+Extensions.swift */,
				F6D8DE851DCFF7D60078EF01 /* CGPoint+Extensions.swift */,
				F6D8DE861DCFF7D60078EF01 /* CGVector+Extensions.swift */,
				F6D8DE871DCFF7D60078EF01 /* Int+Extensions.swift */,
				F6D8DE881DCFF7D60078EF01 /* SKAction+Extensions.swift */,
				F6D8DE891DCFF7D60078EF01 /* SKAction+SpecialEffects.swift */,
				F6D8DE8A1DCFF7D60078EF01 /* SKColor+Extensions.swift */,
				F6D8DE8B1DCFF7D60078EF01 /* SKNode+Extensions.swift */,
				F6D8DE8C1DCFF7D60078EF01 /* SKTAudio.swift */,
				F6D8DE8D1DCFF7D60078EF01 /* SKTEffects.swift */,
				F6D8DE8E1DCFF7D60078EF01 /* SKTTimingFunctions.swift */,
				F6D8DE8F1DCFF7D60078EF01 /* Vector3.swift */,
			);
			name = SKTUtils;
			path = SpriteKitVsUnity/SKTUtils;
			sourceTree = "<group>";
		};
/* End PBXGroup section */

/* Begin PBXNativeTarget section */
		F67376C31DCF13600047FE55 /* SpriteKitVsUnity */ = {
			isa = PBXNativeTarget;
			buildConfigurationList = F67376DC1DCF13600047FE55 /* Build configuration list for PBXNativeTarget "SpriteKitVsUnity" */;
			buildPhases = (
				F67376C01DCF13600047FE55 /* Sources */,
				F67376C11DCF13600047FE55 /* Frameworks */,
				F67376C21DCF13600047FE55 /* Resources */,
			);
			buildRules = (
			);
			dependencies = (
			);
			name = SpriteKitVsUnity;
			productName = SpriteKitVsUnity;
			productReference = F67376C41DCF13600047FE55 /* SpriteKitVsUnity.app */;
			productType = "com.apple.product-type.application";
		};
/* End PBXNativeTarget section */

/* Begin PBXProject section */
		F67376BC1DCF13600047FE55 /* Project object */ = {
			isa = PBXProject;
			attributes = {
				LastSwiftUpdateCheck = 0810;
				LastUpgradeCheck = 0810;
				ORGANIZATIONNAME = "Smithsoft Pty Ltd";
				TargetAttributes = {
					F67376C31DCF13600047FE55 = {
						CreatedOnToolsVersion = 8.1;
						DevelopmentTeam = 4563WH9VE2;
						ProvisioningStyle = Automatic;
					};
				};
			};
			buildConfigurationList = F67376BF1DCF13600047FE55 /* Build configuration list for PBXProject "SpriteKitVsUnity" */;
			compatibilityVersion = "Xcode 3.2";
			developmentRegion = English;
			hasScannedForEncodings = 0;
			knownRegions = (
				en,
				Base,
			);
			mainGroup = F67376BB1DCF13600047FE55;
			productRefGroup = F67376C51DCF13600047FE55 /* Products */;
			projectDirPath = "";
			projectRoot = "";
			targets = (
				F67376C31DCF13600047FE55 /* SpriteKitVsUnity */,
			);
		};
/* End PBXProject section */

/* Begin PBXResourcesBuildPhase section */
		F67376C21DCF13600047FE55 /* Resources */ = {
			isa = PBXResourcesBuildPhase;
			buildActionMask = 2147483647;
			files = (
				F68F13251DD0441600FD6C78 /* TileSet.sks in Resources */,
				F67376D31DCF13600047FE55 /* Main.storyboard in Resources */,
				F68F132E1DD06A5400FD6C78 /* Characters.xcassets in Resources */,
				F68F13321DD06C4600FD6C78 /* HeroActions.sks in Resources */,
				F69FBC0C1DD40D5E0080BED7 /* chestOpen.caf in Resources */,
				F67376CA1DCF13600047FE55 /* GameScene.sks in Resources */,
				F6D217011DD33E0D002CA9DD /* FemaleZombieActions.sks in Resources */,
				F69FBC061DD4071F0080BED7 /* MaleZombieActions.sks in Resources */,
				F67376D51DCF13600047FE55 /* Assets.xcassets in Resources */,
				F68F13261DD0441600FD6C78 /* Assets.xcassets in Resources */,
				F67376D81DCF13600047FE55 /* LaunchScreen.storyboard in Resources */,
				F69FBC0A1DD40C540080BED7 /* ChestActions.sks in Resources */,
			);
			runOnlyForDeploymentPostprocessing = 0;
		};
/* End PBXResourcesBuildPhase section */

/* Begin PBXSourcesBuildPhase section */
		F67376C01DCF13600047FE55 /* Sources */ = {
			isa = PBXSourcesBuildPhase;
			buildActionMask = 2147483647;
			files = (
				F6FBD8AF1DD4A82D00BC0DA9 /* SeekPlayer.swift in Sources */,
				F68F13221DD01D2F00FD6C78 /* GameplayScene.swift in Sources */,
				F6D8DE9A1DCFF7D60078EF01 /* CGPoint+Extensions.swift in Sources */,
				F67376CE1DCF13600047FE55 /* GameScene.swift in Sources */,
				F6D8DE9E1DCFF7D60078EF01 /* SKAction+SpecialEffects.swift in Sources */,
				F69FBC0E1DD427520080BED7 /* Button.swift in Sources */,
				F6D8DE991DCFF7D60078EF01 /* CGFloat+Extensions.swift in Sources */,
				F6D8DEA31DCFF7D60078EF01 /* SKTTimingFunctions.swift in Sources */,
				F6D8DE921DCFF7D60078EF01 /* PerimeterFence.swift in Sources */,
				F6D8DE9F1DCFF7D60078EF01 /* SKColor+Extensions.swift in Sources */,
				F6D8DE9C1DCFF7D60078EF01 /* Int+Extensions.swift in Sources */,
				F6D8DE9B1DCFF7D60078EF01 /* CGVector+Extensions.swift in Sources */,
				F69FBC101DD42A880080BED7 /* GameplayScene+Physics.swift in Sources */,
				F67376D01DCF13600047FE55 /* GameViewController.swift in Sources */,
				F6D8DE901DCFF7D60078EF01 /* CameraConstrain.swift in Sources */,
				F6D8DE981DCFF7D60078EF01 /* Touchable.swift in Sources */,
				F6CA5B8F1DD07FD60099874A /* MobState.swift in Sources */,
				F6D8DE931DCFF7D60078EF01 /* PlayerMove.swift in Sources */,
				F6D8DE951DCFF7D60078EF01 /* GKEntity+SpriteKit.swift in Sources */,
				F6D8DE9D1DCFF7D60078EF01 /* SKAction+Extensions.swift in Sources */,
				F67376C81DCF13600047FE55 /* AppDelegate.swift in Sources */,
				F6D8DEA01DCFF7D60078EF01 /* SKNode+Extensions.swift in Sources */,
				F68E27CE1DD2BA7000B0C4FC /* MultiStateObject.swift in Sources */,
				F6D8DEA11DCFF7D60078EF01 /* SKTAudio.swift in Sources */,
				F6FBD8AD1DD4A13900BC0DA9 /* Points.swift in Sources */,
				F6D8DEA21DCFF7D60078EF01 /* SKTEffects.swift in Sources */,
				F6FBD8AB1DD49D9600BC0DA9 /* Activatable.swift in Sources */,
				F6FBD8A91DD49C7900BC0DA9 /* Treasure.swift in Sources */,
				F6D8DE911DCFF7D60078EF01 /* NodeFollow.swift in Sources */,
				F68E27D01DD2D22900B0C4FC /* AnimationState.swift in Sources */,
				F6D8DEA41DCFF7D60078EF01 /* Vector3.swift in Sources */,
				F6D8DE961DCFF7D60078EF01 /* Loadable.swift in Sources */,
			);
			runOnlyForDeploymentPostprocessing = 0;
		};
/* End PBXSourcesBuildPhase section */

/* Begin PBXVariantGroup section */
		F67376D11DCF13600047FE55 /* Main.storyboard */ = {
			isa = PBXVariantGroup;
			children = (
				F67376D21DCF13600047FE55 /* Base */,
			);
			name = Main.storyboard;
			sourceTree = "<group>";
		};
		F67376D61DCF13600047FE55 /* LaunchScreen.storyboard */ = {
			isa = PBXVariantGroup;
			children = (
				F67376D71DCF13600047FE55 /* Base */,
			);
			name = LaunchScreen.storyboard;
			sourceTree = "<group>";
		};
/* End PBXVariantGroup section */

/* Begin XCBuildConfiguration section */
		F67376DA1DCF13600047FE55 /* Debug */ = {
			isa = XCBuildConfiguration;
			buildSettings = {
				ALWAYS_SEARCH_USER_PATHS = NO;
				CLANG_ANALYZER_NONNULL = YES;
				CLANG_CXX_LANGUAGE_STANDARD = "gnu++0x";
				CLANG_CXX_LIBRARY = "libc++";
				CLANG_ENABLE_MODULES = YES;
				CLANG_ENABLE_OBJC_ARC = YES;
				CLANG_WARN_BOOL_CONVERSION = YES;
				CLANG_WARN_CONSTANT_CONVERSION = YES;
				CLANG_WARN_DIRECT_OBJC_ISA_USAGE = YES_ERROR;
				CLANG_WARN_DOCUMENTATION_COMMENTS = YES;
				CLANG_WARN_EMPTY_BODY = YES;
				CLANG_WARN_ENUM_CONVERSION = YES;
				CLANG_WARN_INFINITE_RECURSION = YES;
				CLANG_WARN_INT_CONVERSION = YES;
				CLANG_WARN_OBJC_ROOT_CLASS = YES_ERROR;
				CLANG_WARN_SUSPICIOUS_MOVES = YES;
				CLANG_WARN_UNREACHABLE_CODE = YES;
				CLANG_WARN__DUPLICATE_METHOD_MATCH = YES;
				"CODE_SIGN_IDENTITY[sdk=iphoneos*]" = "iPhone Developer";
				COPY_PHASE_STRIP = NO;
				DEBUG_INFORMATION_FORMAT = dwarf;
				ENABLE_STRICT_OBJC_MSGSEND = YES;
				ENABLE_TESTABILITY = YES;
				GCC_C_LANGUAGE_STANDARD = gnu99;
				GCC_DYNAMIC_NO_PIC = NO;
				GCC_NO_COMMON_BLOCKS = YES;
				GCC_OPTIMIZATION_LEVEL = 0;
				GCC_PREPROCESSOR_DEFINITIONS = (
					"DEBUG=1",
					"$(inherited)",
				);
				GCC_WARN_64_TO_32_BIT_CONVERSION = YES;
				GCC_WARN_ABOUT_RETURN_TYPE = YES_ERROR;
				GCC_WARN_UNDECLARED_SELECTOR = YES;
				GCC_WARN_UNINITIALIZED_AUTOS = YES_AGGRESSIVE;
				GCC_WARN_UNUSED_FUNCTION = YES;
				GCC_WARN_UNUSED_VARIABLE = YES;
				IPHONEOS_DEPLOYMENT_TARGET = 10.1;
				MTL_ENABLE_DEBUG_INFO = YES;
				ONLY_ACTIVE_ARCH = YES;
				SDKROOT = iphoneos;
				SWIFT_ACTIVE_COMPILATION_CONDITIONS = DEBUG;
				SWIFT_OPTIMIZATION_LEVEL = "-Onone";
				TARGETED_DEVICE_FAMILY = "1,2";
			};
			name = Debug;
		};
		F67376DB1DCF13600047FE55 /* Release */ = {
			isa = XCBuildConfiguration;
			buildSettings = {
				ALWAYS_SEARCH_USER_PATHS = NO;
				CLANG_ANALYZER_NONNULL = YES;
				CLANG_CXX_LANGUAGE_STANDARD = "gnu++0x";
				CLANG_CXX_LIBRARY = "libc++";
				CLANG_ENABLE_MODULES = YES;
				CLANG_ENABLE_OBJC_ARC = YES;
				CLANG_WARN_BOOL_CONVERSION = YES;
				CLANG_WARN_CONSTANT_CONVERSION = YES;
				CLANG_WARN_DIRECT_OBJC_ISA_USAGE = YES_ERROR;
				CLANG_WARN_DOCUMENTATION_COMMENTS = YES;
				CLANG_WARN_EMPTY_BODY = YES;
				CLANG_WARN_ENUM_CONVERSION = YES;
				CLANG_WARN_INFINITE_RECURSION = YES;
				CLANG_WARN_INT_CONVERSION = YES;
				CLANG_WARN_OBJC_ROOT_CLASS = YES_ERROR;
				CLANG_WARN_SUSPICIOUS_MOVES = YES;
				CLANG_WARN_UNREACHABLE_CODE = YES;
				CLANG_WARN__DUPLICATE_METHOD_MATCH = YES;
				"CODE_SIGN_IDENTITY[sdk=iphoneos*]" = "iPhone Developer";
				COPY_PHASE_STRIP = NO;
				DEBUG_INFORMATION_FORMAT = "dwarf-with-dsym";
				ENABLE_NS_ASSERTIONS = NO;
				ENABLE_STRICT_OBJC_MSGSEND = YES;
				GCC_C_LANGUAGE_STANDARD = gnu99;
				GCC_NO_COMMON_BLOCKS = YES;
				GCC_WARN_64_TO_32_BIT_CONVERSION = YES;
				GCC_WARN_ABOUT_RETURN_TYPE = YES_ERROR;
				GCC_WARN_UNDECLARED_SELECTOR = YES;
				GCC_WARN_UNINITIALIZED_AUTOS = YES_AGGRESSIVE;
				GCC_WARN_UNUSED_FUNCTION = YES;
				GCC_WARN_UNUSED_VARIABLE = YES;
				IPHONEOS_DEPLOYMENT_TARGET = 10.1;
				MTL_ENABLE_DEBUG_INFO = NO;
				SDKROOT = iphoneos;
				SWIFT_OPTIMIZATION_LEVEL = "-Owholemodule";
				TARGETED_DEVICE_FAMILY = "1,2";
				VALIDATE_PRODUCT = YES;
			};
			name = Release;
		};
		F67376DD1DCF13600047FE55 /* Debug */ = {
			isa = XCBuildConfiguration;
			buildSettings = {
				ASSETCATALOG_COMPILER_APPICON_NAME = AppIcon;
				DEVELOPMENT_TEAM = 4563WH9VE2;
				INFOPLIST_FILE = SpriteKitVsUnity/Info.plist;
				IPHONEOS_DEPLOYMENT_TARGET = 10.1;
				LD_RUNPATH_SEARCH_PATHS = "$(inherited) @executable_path/Frameworks";
				PRODUCT_BUNDLE_IDENTIFIER = au.com.smithsoft.SpriteKitVsUnity;
				PRODUCT_NAME = "$(TARGET_NAME)";
				SWIFT_VERSION = 3.0;
			};
			name = Debug;
		};
		F67376DE1DCF13600047FE55 /* Release */ = {
			isa = XCBuildConfiguration;
			buildSettings = {
				ASSETCATALOG_COMPILER_APPICON_NAME = AppIcon;
				DEVELOPMENT_TEAM = 4563WH9VE2;
				INFOPLIST_FILE = SpriteKitVsUnity/Info.plist;
				IPHONEOS_DEPLOYMENT_TARGET = 10.1;
				LD_RUNPATH_SEARCH_PATHS = "$(inherited) @executable_path/Frameworks";
				PRODUCT_BUNDLE_IDENTIFIER = au.com.smithsoft.SpriteKitVsUnity;
				PRODUCT_NAME = "$(TARGET_NAME)";
				SWIFT_VERSION = 3.0;
			};
			name = Release;
		};
/* End XCBuildConfiguration section */

/* Begin XCConfigurationList section */
		F67376BF1DCF13600047FE55 /* Build configuration list for PBXProject "SpriteKitVsUnity" */ = {
			isa = XCConfigurationList;
			buildConfigurations = (
				F67376DA1DCF13600047FE55 /* Debug */,
				F67376DB1DCF13600047FE55 /* Release */,
			);
			defaultConfigurationIsVisible = 0;
			defaultConfigurationName = Release;
		};
		F67376DC1DCF13600047FE55 /* Build configuration list for PBXNativeTarget "SpriteKitVsUnity" */ = {
			isa = XCConfigurationList;
			buildConfigurations = (
				F67376DD1DCF13600047FE55 /* Debug */,
				F67376DE1DCF13600047FE55 /* Release */,
			);
			defaultConfigurationIsVisible = 0;
			defaultConfigurationName = Release;
		};
/* End XCConfigurationList section */
	};
	rootObject = F67376BC1DCF13600047FE55 /* Project object */;
}
